
Microsoft Visual Studio Solution File, Format Version 12.00
# Visual Studio Version 17
VisualStudioVersion = 17.2.32616.157
MinimumVisualStudioVersion = 10.0.40219.1
Project("{FAE04EC0-301F-11D3-BF4B-00C04F79EFBC}") = "WordReaderTestProject", "WordReaderTestProject\WordReaderTestProject.csproj", "{1FC15B46-C7F1-4C58-9134-C9EA47606A62}"
EndProject
Global
	GlobalSection(SolutionConfigurationPlatforms) = preSolution
		Debug|Any CPU = Debug|Any CPU
		Release|Any CPU = Release|Any CPU
	EndGlobalSection
	GlobalSection(ProjectConfigurationPlatforms) = postSolution
		{1FC15B46-C7F1-4C58-9134-C9EA47606A62}.Debug|Any CPU.ActiveCfg = Debug|Any CPU
		{1FC15B46-C7F1-4C58-9134-C9EA47606A62}.Debug|Any CPU.Build.0 = Debug|Any CPU
		{1FC15B46-C7F1-4C58-9134-C9EA47606A62}.Release|Any CPU.ActiveCfg = Release|Any CPU
		{1FC15B46-C7F1-4C58-9134-C9EA47606A62}.Release|Any CPU.Build.0 = Release|Any CPU
	EndGlobalSection
	GlobalSection(SolutionProperties) = preSolution
		HideSolutionNode = FALSE
	EndGlobalSection
	GlobalSection(ExtensibilityGlobals) = postSolution
		SolutionGuid = {48E6E532-2CD8-40F8-8E96-E9706FD51DB3}
	EndGlobalSection
EndGlobal
